
Microsoft Visual Studio Solution File, Format Version 12.00
# Visual Studio Version 16
VisualStudioVersion = 16.0.29215.179
MinimumVisualStudioVersion = 10.0.40219.1
Project("{FAE04EC0-301F-11D3-BF4B-00C04F79EFBC}") = "Fall2019 PA 2", "Fall2019 PA 2\Fall2019 PA 2.csproj", "{61DAA041-4E14-44B7-A6B5-C40710BD9AE2}"
EndProject
Global
	GlobalSection(SolutionConfigurationPlatforms) = preSolution
		Debug|Any CPU = Debug|Any CPU
		Release|Any CPU = Release|Any CPU
	EndGlobalSection
	GlobalSection(ProjectConfigurationPlatforms) = postSolution
		{61DAA041-4E14-44B7-A6B5-C40710BD9AE2}.Debug|Any CPU.ActiveCfg = Debug|Any CPU
		{61DAA041-4E14-44B7-A6B5-C40710BD9AE2}.Debug|Any CPU.Build.0 = Debug|Any CPU
		{61DAA041-4E14-44B7-A6B5-C40710BD9AE2}.Release|Any CPU.ActiveCfg = Release|Any CPU
		{61DAA041-4E14-44B7-A6B5-C40710BD9AE2}.Release|Any CPU.Build.0 = Release|Any CPU
	EndGlobalSection
	GlobalSection(SolutionProperties) = preSolution
		HideSolutionNode = FALSE
	EndGlobalSection
	GlobalSection(ExtensibilityGlobals) = postSolution
		SolutionGuid = {CBF48299-5E06-49C0-A3E3-86C02B977604}
	EndGlobalSection
EndGlobal
